{
  "name": "umbraco-community-contentment",
  "version": "6.0.0-alpha001",
  "lockfileVersion": 3,
  "requires": true,
  "packages": {
    "": {
      "name": "umbraco-community-contentment",
      "version": "6.0.0-alpha001",
      "license": "MPL-2.0",
      "devDependencies": {
        "@umbraco-cms/backoffice": "^14.0.0--preview001"
      }
    },
    "node_modules/@umbraco-cms/backoffice": {
      "version": "14.0.0--preview001",
      "resolved": "https://www.myget.org/F/umbracoprereleases/npm/@umbraco-cms/backoffice/-/@umbraco-cms/backoffice-14.0.0--preview001.tgz",
      "integrity": "sha1-ajpallzNeENlc6NJS6EIVI3Fwts=",
      "dev": true,
      "license": "MIT",
      "engines": {
        "node": ">=18.14 <19",
        "npm": ">=9.5 < 10"
      },
      "optionalDependencies": {
        "@openid/appauth": "^1.3.1",
        "@umbraco-ui/uui": "1.3.0-rc.1",
        "@umbraco-ui/uui-css": "1.3.0-rc.1",
        "element-internals-polyfill": "^1.1.19",
        "lit": "^2.7.4",
        "lodash-es": "4.17.21",
        "monaco-editor": "^0.36.1",
        "rxjs": "^7.8.0",
        "uuid": "^9.0.0"
      }
    }
  }
}
